
Microsoft Visual Studio Solution File, Format Version 12.00
Project("{FAE04EC0-301F-11D3-BF4B-00C04F79EFBC}") = "ISA2", "ISA2\ISA2.csproj", "{94374AEB-F88C-4F95-B6A1-3DB67DE2F97B}"
EndProject
Project("{FAE04EC0-301F-11D3-BF4B-00C04F79EFBC}") = "TestProject1", "TestProject1\TestProject1.csproj", "{5F2CB86E-0C89-484D-91B9-190C9CCBBE3F}"
EndProject
Global
	GlobalSection(SolutionConfigurationPlatforms) = preSolution
		Debug|Any CPU = Debug|Any CPU
		Release|Any CPU = Release|Any CPU
	EndGlobalSection
	GlobalSection(ProjectConfigurationPlatforms) = postSolution
		{94374AEB-F88C-4F95-B6A1-3DB67DE2F97B}.Debug|Any CPU.ActiveCfg = Debug|Any CPU
		{94374AEB-F88C-4F95-B6A1-3DB67DE2F97B}.Debug|Any CPU.Build.0 = Debug|Any CPU
		{94374AEB-F88C-4F95-B6A1-3DB67DE2F97B}.Release|Any CPU.ActiveCfg = Release|Any CPU
		{94374AEB-F88C-4F95-B6A1-3DB67DE2F97B}.Release|Any CPU.Build.0 = Release|Any CPU
		{5F2CB86E-0C89-484D-91B9-190C9CCBBE3F}.Debug|Any CPU.ActiveCfg = Debug|Any CPU
		{5F2CB86E-0C89-484D-91B9-190C9CCBBE3F}.Debug|Any CPU.Build.0 = Debug|Any CPU
		{5F2CB86E-0C89-484D-91B9-190C9CCBBE3F}.Release|Any CPU.ActiveCfg = Release|Any CPU
		{5F2CB86E-0C89-484D-91B9-190C9CCBBE3F}.Release|Any CPU.Build.0 = Release|Any CPU
	EndGlobalSection
EndGlobal
